# THIS IS AN AUTOGENERATED FILE. DO NOT EDIT THIS FILE DIRECTLY.
# yarn lockfile v1


babel@^6.23.0:
  version "6.23.0"
  resolved "https://registry.yarnpkg.com/babel/-/babel-6.23.0.tgz#d0d1e7d803e974765beea3232d4e153c0efb90f4"
  integrity sha512-ZDcCaI8Vlct8PJ3DvmyqUz+5X2Ylz3ZuuItBe/74yXosk2dwyVo/aN7MCJ8HJzhnnJ+6yP4o+lDgG9MBe91DLA==

coffee-loader@^4.0.0:
  version "4.0.0"
  resolved "https://registry.yarnpkg.com/coffee-loader/-/coffee-loader-4.0.0.tgz#85284b489b0a63963da2b52e372111edf0565617"
  integrity sha512-RvgC8c0JwRew5lq3x2J+P4z9Cvan/v91muEvV90VJXcTuJbJQN20taZxfj6/XC4yysA8PInPGpxdB1J9LphLuQ==

coffeescript@^2.7.0:
  version "2.7.0"
  resolved "https://registry.yarnpkg.com/coffeescript/-/coffeescript-2.7.0.tgz#a43ec03be6885d6d1454850ea70b9409c391279c"
  integrity sha512-hzWp6TUE2d/jCcN67LrW1eh5b/rSDKQK6oD6VMLlggYVUUFexgTH9z3dNYihzX4RMhze5FTUsUmOXViJKFQR/A==

typescript@^4.9.3:
  version "4.9.3"
  resolved "https://registry.yarnpkg.com/typescript/-/typescript-4.9.3.tgz#3aea307c1746b8c384435d8ac36b8a2e580d85db"
  integrity sha512-CIfGzTelbKNEnLpLdGFgdyKhG23CKdKgQPOBc+OUNrkJ2vr+KSzsSV5kq5iWhEQbok+quxgGzrAtGWCyU7tHnA==
